schema: '2.0'
stages:
  data_ingestion:
    cmd: python src/DeepClassifier/pipeline/Stage_01_data_Ingestion.py
    deps:
    - path: configs/config.yaml
      md5: 3c1f1650fd3f592ee1f173d9a4f13ce5
      size: 835
    - path: src/DeepClassifier/pipeline/Stage_01_data_Ingestion.py
      md5: 5b6831a1156f802dbd822dd255622760
      size: 847
    outs:
    - path: artifacts/data_ingestion/PetImages
      md5: 3a5cf86541f22c236620ce5b952ad684.dir
      size: 848866410
      nfiles: 24998
